// !$*UTF8*$!
{
	archiveVersion = 1;
	classes = {
	};
	objectVersion = 50;
	objects = {

/* Begin PBXBuildFile section */
		A17F47792385EBC50093CBBC /* AppDelegate.swift in Sources */ = {isa = PBXBuildFile; fileRef = A17F47782385EBC50093CBBC /* AppDelegate.swift */; };
		A17F477B2385EBC50093CBBC /* SceneDelegate.swift in Sources */ = {isa = PBXBuildFile; fileRef = A17F477A2385EBC50093CBBC /* SceneDelegate.swift */; };
		A17F477D2385EBC50093CBBC /* ContentView.swift in Sources */ = {isa = PBXBuildFile; fileRef = A17F477C2385EBC50093CBBC /* ContentView.swift */; };
		A17F477F2385EBC80093CBBC /* Assets.xcassets in Resources */ = {isa = PBXBuildFile; fileRef = A17F477E2385EBC80093CBBC /* Assets.xcassets */; };
		A17F47822385EBC80093CBBC /* Preview Assets.xcassets in Resources */ = {isa = PBXBuildFile; fileRef = A17F47812385EBC80093CBBC /* Preview Assets.xcassets */; };
		A17F47852385EBC80093CBBC /* LaunchScreen.storyboard in Resources */ = {isa = PBXBuildFile; fileRef = A17F47832385EBC80093CBBC /* LaunchScreen.storyboard */; };
/* End PBXBuildFile section */

/* Begin PBXFileReference section */
		A17F47752385EBC50093CBBC /* Units.app */ = {isa = PBXFileReference; explicitFileType = wrapper.application; includeInIndex = 0; path = Units.app; sourceTree = BUILT_PRODUCTS_DIR; };
		A17F47782385EBC50093CBBC /* AppDelegate.swift */ = {isa = PBXFileReference; lastKnownFileType = sourcecode.swift; path = AppDelegate.swift; sourceTree = "<group>"; };
		A17F477A2385EBC50093CBBC /* SceneDelegate.swift */ = {isa = PBXFileReference; lastKnownFileType = sourcecode.swift; path = SceneDelegate.swift; sourceTree = "<group>"; };
		A17F477C2385EBC50093CBBC /* ContentView.swift */ = {isa = PBXFileReference; lastKnownFileType = sourcecode.swift; path = ContentView.swift; sourceTree = "<group>"; };
		A17F477E2385EBC80093CBBC /* Assets.xcassets */ = {isa = PBXFileReference; lastKnownFileType = folder.assetcatalog; path = Assets.xcassets; sourceTree = "<group>"; };
		A17F47812385EBC80093CBBC /* Preview Assets.xcassets */ = {isa = PBXFileReference; lastKnownFileType = folder.assetcatalog; path = "Preview Assets.xcassets"; sourceTree = "<group>"; };
		A17F47842385EBC80093CBBC /* Base */ = {isa = PBXFileReference; lastKnownFileType = file.storyboard; name = Base; path = Base.lproj/LaunchScreen.storyboard; sourceTree = "<group>"; };
		A17F47862385EBC80093CBBC /* Info.plist */ = {isa = PBXFileReference; lastKnownFileType = text.plist.xml; path = Info.plist; sourceTree = "<group>"; };
/* End PBXFileReference section */

/* Begin PBXFrameworksBuildPhase section */
		A17F47722385EBC50093CBBC /* Frameworks */ = {
			isa = PBXFrameworksBuildPhase;
			buildActionMask = 2147483647;
			files = (
			);
			runOnlyForDeploymentPostprocessing = 0;
		};
/* End PBXFrameworksBuildPhase section */

/* Begin PBXGroup section */
		A17F476C2385EBC50093CBBC = {
			isa = PBXGroup;
			children = (
				A17F47772385EBC50093CBBC /* Units */,
				A17F47762385EBC50093CBBC /* Products */,
			);
			sourceTree = "<group>";
		};
		A17F47762385EBC50093CBBC /* Products */ = {
			isa = PBXGroup;
			children = (
				A17F47752385EBC50093CBBC /* Units.app */,
			);
			name = Products;
			sourceTree = "<group>";
		};
		A17F47772385EBC50093CBBC /* Units */ = {
			isa = PBXGroup;
			children = (
				A17F47782385EBC50093CBBC /* AppDelegate.swift */,
				A17F477A2385EBC50093CBBC /* SceneDelegate.swift */,
				A17F477C2385EBC50093CBBC /* ContentView.swift */,
				A17F477E2385EBC80093CBBC /* Assets.xcassets */,
				A17F47832385EBC80093CBBC /* LaunchScreen.storyboard */,
				A17F47862385EBC80093CBBC /* Info.plist */,
				A17F47802385EBC80093CBBC /* Preview Content */,
			);
			path = Units;
			sourceTree = "<group>";
		};
		A17F47802385EBC80093CBBC /* Preview Content */ = {
			isa = PBXGroup;
			children = (
				A17F47812385EBC80093CBBC /* Preview Assets.xcassets */,
			);
			path = "Preview Content";
			sourceTree = "<group>";
		};
/* End PBXGroup section */

/* Begin PBXNativeTarget section */
		A17F47742385EBC50093CBBC /* Units */ = {
			isa = PBXNativeTarget;
			buildConfigurationList = A17F47892385EBC80093CBBC /* Build configuration list for PBXNativeTarget "Units" */;
			buildPhases = (
				A17F47712385EBC50093CBBC /* Sources */,
				A17F47722385EBC50093CBBC /* Frameworks */,
				A17F47732385EBC50093CBBC /* Resources */,
			);
			buildRules = (
			);
			dependencies = (
			);
			name = Units;
			productName = Units;
			productReference = A17F47752385EBC50093CBBC /* Units.app */;
			productType = "com.apple.product-type.application";
		};
/* End PBXNativeTarget section */

/* Begin PBXProject section */
		A17F476D2385EBC50093CBBC /* Project object */ = {
			isa = PBXProject;
			attributes = {
				LastSwiftUpdateCheck = 1120;
				LastUpgradeCheck = 1120;
				ORGANIZATIONNAME = "Joe Sherwood";
				TargetAttributes = {
					A17F47742385EBC50093CBBC = {
						CreatedOnToolsVersion = 11.2.1;
					};
				};
			};
			buildConfigurationList = A17F47702385EBC50093CBBC /* Build configuration list for PBXProject "Units" */;
			compatibilityVersion = "Xcode 9.3";
			developmentRegion = en;
			hasScannedForEncodings = 0;
			knownRegions = (
				en,
				Base,
			);
			mainGroup = A17F476C2385EBC50093CBBC;
			productRefGroup = A17F47762385EBC50093CBBC /* Products */;
			projectDirPath = "";
			projectRoot = "";
			targets = (
				A17F47742385EBC50093CBBC /* Units */,
			);
		};
/* End PBXProject section */

/* Begin PBXResourcesBuildPhase section */
		A17F47732385EBC50093CBBC /* Resources */ = {
			isa = PBXResourcesBuildPhase;
			buildActionMask = 2147483647;
			files = (
				A17F47852385EBC80093CBBC /* LaunchScreen.storyboard in Resources */,
				A17F47822385EBC80093CBBC /* Preview Assets.xcassets in Resources */,
				A17F477F2385EBC80093CBBC /* Assets.xcassets in Resources */,
			);
			runOnlyForDeploymentPostprocessing = 0;
		};
/* End PBXResourcesBuildPhase section */

/* Begin PBXSourcesBuildPhase section */
		A17F47712385EBC50093CBBC /* Sources */ = {
			isa = PBXSourcesBuildPhase;
			buildActionMask = 2147483647;
			files = (
				A17F47792385EBC50093CBBC /* AppDelegate.swift in Sources */,
				A17F477B2385EBC50093CBBC /* SceneDelegate.swift in Sources */,
				A17F477D2385EBC50093CBBC /* ContentView.swift in Sources */,
			);
			runOnlyForDeploymentPostprocessing = 0;
		};
/* End PBXSourcesBuildPhase section */

/* Begin PBXVariantGroup section */
		A17F47832385EBC80093CBBC /* LaunchScreen.storyboard */ = {
			isa = PBXVariantGroup;
			children = (
				A17F47842385EBC80093CBBC /* Base */,
			);
			name = LaunchScreen.storyboard;
			sourceTree = "<group>";
		};
/* End PBXVariantGroup section */

/* Begin XCBuildConfiguration section */
		A17F47872385EBC80093CBBC /* Debug */ = {
			isa = XCBuildConfiguration;
			buildSettings = {
				ALWAYS_SEARCH_USER_PATHS = NO;
				CLANG_ANALYZER_NONNULL = YES;
				CLANG_ANALYZER_NUMBER_OBJECT_CONVERSION = YES_AGGRESSIVE;
				CLANG_CXX_LANGUAGE_STANDARD = "gnu++14";
				CLANG_CXX_LIBRARY = "libc++";
				CLANG_ENABLE_MODULES = YES;
				CLANG_ENABLE_OBJC_ARC = YES;
				CLANG_ENABLE_OBJC_WEAK = YES;
				CLANG_WARN_BLOCK_CAPTURE_AUTORELEASING = YES;
				CLANG_WARN_BOOL_CONVERSION = YES;
				CLANG_WARN_COMMA = YES;
				CLANG_WARN_CONSTANT_CONVERSION = YES;
				CLANG_WARN_DEPRECATED_OBJC_IMPLEMENTATIONS = YES;
				CLANG_WARN_DIRECT_OBJC_ISA_USAGE = YES_ERROR;
				CLANG_WARN_DOCUMENTATION_COMMENTS = YES;
				CLANG_WARN_EMPTY_BODY = YES;
				CLANG_WARN_ENUM_CONVERSION = YES;
				CLANG_WARN_INFINITE_RECURSION = YES;
				CLANG_WARN_INT_CONVERSION = YES;
				CLANG_WARN_NON_LITERAL_NULL_CONVERSION = YES;
				CLANG_WARN_OBJC_IMPLICIT_RETAIN_SELF = YES;
				CLANG_WARN_OBJC_LITERAL_CONVERSION = YES;
				CLANG_WARN_OBJC_ROOT_CLASS = YES_ERROR;
				CLANG_WARN_RANGE_LOOP_ANALYSIS = YES;
				CLANG_WARN_STRICT_PROTOTYPES = YES;
				CLANG_WARN_SUSPICIOUS_MOVE = YES;
				CLANG_WARN_UNGUARDED_AVAILABILITY = YES_AGGRESSIVE;
				CLANG_WARN_UNREACHABLE_CODE = YES;
				CLANG_WARN__DUPLICATE_METHOD_MATCH = YES;
				COPY_PHASE_STRIP = NO;
				DEBUG_INFORMATION_FORMAT = dwarf;
				ENABLE_STRICT_OBJC_MSGSEND = YES;
				ENABLE_TESTABILITY = YES;
				GCC_C_LANGUAGE_STANDARD = gnu11;
				GCC_DYNAMIC_NO_PIC = NO;
				GCC_NO_COMMON_BLOCKS = YES;
				GCC_OPTIMIZATION_LEVEL = 0;
				GCC_PREPROCESSOR_DEFINITIONS = (
					"DEBUG=1",
					"$(inherited)",
				);
				GCC_WARN_64_TO_32_BIT_CONVERSION = YES;
				GCC_WARN_ABOUT_RETURN_TYPE = YES_ERROR;
				GCC_WARN_UNDECLARED_SELECTOR = YES;
				GCC_WARN_UNINITIALIZED_AUTOS = YES_AGGRESSIVE;
				GCC_WARN_UNUSED_FUNCTION = YES;
				GCC_WARN_UNUSED_VARIABLE = YES;
				IPHONEOS_DEPLOYMENT_TARGET = 13.2;
				MTL_ENABLE_DEBUG_INFO = INCLUDE_SOURCE;
				MTL_FAST_MATH = YES;
				ONLY_ACTIVE_ARCH = YES;
				SDKROOT = iphoneos;
				SWIFT_ACTIVE_COMPILATION_CONDITIONS = DEBUG;
				SWIFT_OPTIMIZATION_LEVEL = "-Onone";
			};
			name = Debug;
		};
		A17F47882385EBC80093CBBC /* Release */ = {
			isa = XCBuildConfiguration;
			buildSettings = {
				ALWAYS_SEARCH_USER_PATHS = NO;
				CLANG_ANALYZER_NONNULL = YES;
				CLANG_ANALYZER_NUMBER_OBJECT_CONVERSION = YES_AGGRESSIVE;
				CLANG_CXX_LANGUAGE_STANDARD = "gnu++14";
				CLANG_CXX_LIBRARY = "libc++";
				CLANG_ENABLE_MODULES = YES;
				CLANG_ENABLE_OBJC_ARC = YES;
				CLANG_ENABLE_OBJC_WEAK = YES;
				CLANG_WARN_BLOCK_CAPTURE_AUTORELEASING = YES;
				CLANG_WARN_BOOL_CONVERSION = YES;
				CLANG_WARN_COMMA = YES;
				CLANG_WARN_CONSTANT_CONVERSION = YES;
				CLANG_WARN_DEPRECATED_OBJC_IMPLEMENTATIONS = YES;
				CLANG_WARN_DIRECT_OBJC_ISA_USAGE = YES_ERROR;
				CLANG_WARN_DOCUMENTATION_COMMENTS = YES;
				CLANG_WARN_EMPTY_BODY = YES;
				CLANG_WARN_ENUM_CONVERSION = YES;
				CLANG_WARN_INFINITE_RECURSION = YES;
				CLANG_WARN_INT_CONVERSION = YES;
				CLANG_WARN_NON_LITERAL_NULL_CONVERSION = YES;
				CLANG_WARN_OBJC_IMPLICIT_RETAIN_SELF = YES;
				CLANG_WARN_OBJC_LITERAL_CONVERSION = YES;
				CLANG_WARN_OBJC_ROOT_CLASS = YES_ERROR;
				CLANG_WARN_RANGE_LOOP_ANALYSIS = YES;
				CLANG_WARN_STRICT_PROTOTYPES = YES;
				CLANG_WARN_SUSPICIOUS_MOVE = YES;
				CLANG_WARN_UNGUARDED_AVAILABILITY = YES_AGGRESSIVE;
				CLANG_WARN_UNREACHABLE_CODE = YES;
				CLANG_WARN__DUPLICATE_METHOD_MATCH = YES;
				COPY_PHASE_STRIP = NO;
				DEBUG_INFORMATION_FORMAT = "dwarf-with-dsym";
				ENABLE_NS_ASSERTIONS = NO;
				ENABLE_STRICT_OBJC_MSGSEND = YES;
				GCC_C_LANGUAGE_STANDARD = gnu11;
				GCC_NO_COMMON_BLOCKS = YES;
				GCC_WARN_64_TO_32_BIT_CONVERSION = YES;
				GCC_WARN_ABOUT_RETURN_TYPE = YES_ERROR;
				GCC_WARN_UNDECLARED_SELECTOR = YES;
				GCC_WARN_UNINITIALIZED_AUTOS = YES_AGGRESSIVE;
				GCC_WARN_UNUSED_FUNCTION = YES;
				GCC_WARN_UNUSED_VARIABLE = YES;
				IPHONEOS_DEPLOYMENT_TARGET = 13.2;
				MTL_ENABLE_DEBUG_INFO = NO;
				MTL_FAST_MATH = YES;
				SDKROOT = iphoneos;
				SWIFT_COMPILATION_MODE = wholemodule;
				SWIFT_OPTIMIZATION_LEVEL = "-O";
				VALIDATE_PRODUCT = YES;
			};
			name = Release;
		};
		A17F478A2385EBC80093CBBC /* Debug */ = {
			isa = XCBuildConfiguration;
			buildSettings = {
				ASSETCATALOG_COMPILER_APPICON_NAME = AppIcon;
				CODE_SIGN_STYLE = Automatic;
				DEVELOPMENT_ASSET_PATHS = "\"Units/Preview Content\"";
				DEVELOPMENT_TEAM = RAARB753CD;
				ENABLE_PREVIEWS = YES;
				INFOPLIST_FILE = Units/Info.plist;
				LD_RUNPATH_SEARCH_PATHS = (
					"$(inherited)",
					"@executable_path/Frameworks",
				);
				PRODUCT_BUNDLE_IDENTIFIER = org.joesh.Units;
				PRODUCT_NAME = "$(TARGET_NAME)";
				SWIFT_VERSION = 5.0;
				TARGETED_DEVICE_FAMILY = "1,2";
			};
			name = Debug;
		};
		A17F478B2385EBC80093CBBC /* Release */ = {
			isa = XCBuildConfiguration;
			buildSettings = {
				ASSETCATALOG_COMPILER_APPICON_NAME = AppIcon;
				CODE_SIGN_STYLE = Automatic;
				DEVELOPMENT_ASSET_PATHS = "\"Units/Preview Content\"";
				DEVELOPMENT_TEAM = RAARB753CD;
				ENABLE_PREVIEWS = YES;
				INFOPLIST_FILE = Units/Info.plist;
				LD_RUNPATH_SEARCH_PATHS = (
					"$(inherited)",
					"@executable_path/Frameworks",
				);
				PRODUCT_BUNDLE_IDENTIFIER = org.joesh.Units;
				PRODUCT_NAME = "$(TARGET_NAME)";
				SWIFT_VERSION = 5.0;
				TARGETED_DEVICE_FAMILY = "1,2";
			};
			name = Release;
		};
/* End XCBuildConfiguration section */

/* Begin XCConfigurationList section */
		A17F47702385EBC50093CBBC /* Build configuration list for PBXProject "Units" */ = {
			isa = XCConfigurationList;
			buildConfigurations = (
				A17F47872385EBC80093CBBC /* Debug */,
				A17F47882385EBC80093CBBC /* Release */,
			);
			defaultConfigurationIsVisible = 0;
			defaultConfigurationName = Release;
		};
		A17F47892385EBC80093CBBC /* Build configuration list for PBXNativeTarget "Units" */ = {
			isa = XCConfigurationList;
			buildConfigurations = (
				A17F478A2385EBC80093CBBC /* Debug */,
				A17F478B2385EBC80093CBBC /* Release */,
			);
			defaultConfigurationIsVisible = 0;
			defaultConfigurationName = Release;
		};
/* End XCConfigurationList section */
	};
	rootObject = A17F476D2385EBC50093CBBC /* Project object */;
}
